
Microsoft Visual Studio Solution File, Format Version 12.00
# Visual Studio Version 16
VisualStudioVersion = 16.0.29418.71
MinimumVisualStudioVersion = 10.0.40219.1
Project("{FAE04EC0-301F-11D3-BF4B-00C04F79EFBC}") = "WebAPIs", "WebAPIs\WebAPIs.csproj", "{294EE97D-7885-4172-BCEC-F0105A92CE1C}"
EndProject
Project("{FAE04EC0-301F-11D3-BF4B-00C04F79EFBC}") = "Shared", "Shared\Shared.csproj", "{CF16E4DB-3BC7-401F-87B6-7B4566E0CB67}"
EndProject
Global
	GlobalSection(SolutionConfigurationPlatforms) = preSolution
		Debug|Any CPU = Debug|Any CPU
		Release|Any CPU = Release|Any CPU
	EndGlobalSection
	GlobalSection(ProjectConfigurationPlatforms) = postSolution
		{294EE97D-7885-4172-BCEC-F0105A92CE1C}.Debug|Any CPU.ActiveCfg = Debug|Any CPU
		{294EE97D-7885-4172-BCEC-F0105A92CE1C}.Debug|Any CPU.Build.0 = Debug|Any CPU
		{294EE97D-7885-4172-BCEC-F0105A92CE1C}.Release|Any CPU.ActiveCfg = Release|Any CPU
		{294EE97D-7885-4172-BCEC-F0105A92CE1C}.Release|Any CPU.Build.0 = Release|Any CPU
		{CF16E4DB-3BC7-401F-87B6-7B4566E0CB67}.Debug|Any CPU.ActiveCfg = Debug|Any CPU
		{CF16E4DB-3BC7-401F-87B6-7B4566E0CB67}.Debug|Any CPU.Build.0 = Debug|Any CPU
		{CF16E4DB-3BC7-401F-87B6-7B4566E0CB67}.Release|Any CPU.ActiveCfg = Release|Any CPU
		{CF16E4DB-3BC7-401F-87B6-7B4566E0CB67}.Release|Any CPU.Build.0 = Release|Any CPU
	EndGlobalSection
	GlobalSection(SolutionProperties) = preSolution
		HideSolutionNode = FALSE
	EndGlobalSection
	GlobalSection(ExtensibilityGlobals) = postSolution
		SolutionGuid = {9B8E3826-541D-4A57-A33E-890BDEF3DFD1}
	EndGlobalSection
EndGlobal
